
Microsoft Visual Studio Solution File, Format Version 12.00
# Visual Studio Version 17
VisualStudioVersion = 17.8.34309.116
MinimumVisualStudioVersion = 10.0.40219.1
Project("{9A19103F-16F7-4668-BE54-9A1E7A4F7556}") = "OmniReply", "OmniReply\OmniReply.csproj", "{363B7364-68ED-473C-8AA0-1898E199C9BF}"
EndProject
Project("{9A19103F-16F7-4668-BE54-9A1E7A4F7556}") = "OmniReply.MessageObjects", "OmniReply.MessageObjects\OmniReply.MessageObjects.csproj", "{C715A9BF-09F6-49A0-AB60-FD9A0F4CEEE0}"
EndProject
Global
	GlobalSection(SolutionConfigurationPlatforms) = preSolution
		Debug|Any CPU = Debug|Any CPU
		Release|Any CPU = Release|Any CPU
	EndGlobalSection
	GlobalSection(ProjectConfigurationPlatforms) = postSolution
		{363B7364-68ED-473C-8AA0-1898E199C9BF}.Debug|Any CPU.ActiveCfg = Debug|Any CPU
		{363B7364-68ED-473C-8AA0-1898E199C9BF}.Debug|Any CPU.Build.0 = Debug|Any CPU
		{363B7364-68ED-473C-8AA0-1898E199C9BF}.Release|Any CPU.ActiveCfg = Release|Any CPU
		{363B7364-68ED-473C-8AA0-1898E199C9BF}.Release|Any CPU.Build.0 = Release|Any CPU
		{C715A9BF-09F6-49A0-AB60-FD9A0F4CEEE0}.Debug|Any CPU.ActiveCfg = Debug|Any CPU
		{C715A9BF-09F6-49A0-AB60-FD9A0F4CEEE0}.Debug|Any CPU.Build.0 = Debug|Any CPU
		{C715A9BF-09F6-49A0-AB60-FD9A0F4CEEE0}.Release|Any CPU.ActiveCfg = Release|Any CPU
		{C715A9BF-09F6-49A0-AB60-FD9A0F4CEEE0}.Release|Any CPU.Build.0 = Release|Any CPU
	EndGlobalSection
	GlobalSection(SolutionProperties) = preSolution
		HideSolutionNode = FALSE
	EndGlobalSection
	GlobalSection(ExtensibilityGlobals) = postSolution
		SolutionGuid = {360ECA19-D704-4E6B-AA63-E4747A602AFF}
	EndGlobalSection
EndGlobal
